
Microsoft Visual Studio Solution File, Format Version 12.00
# Visual Studio Version 16
VisualStudioVersion = 16.0.30804.86
MinimumVisualStudioVersion = 10.0.40219.1
Project("{FAE04EC0-301F-11D3-BF4B-00C04F79EFBC}") = "DataStructuresLogic", "..\DataStructuresLogic\DataStructuresLogic.csproj", "{D5C826A7-3FC1-4076-AD43-FC3A844651BF}"
EndProject
Project("{FAE04EC0-301F-11D3-BF4B-00C04F79EFBC}") = "DataStracturesModels", "..\DataStracturesModels\DataStracturesModels.csproj", "{2EDA7D97-E4B2-43B0-84A2-1AE7C7EAB7FA}"
EndProject
Project("{FAE04EC0-301F-11D3-BF4B-00C04F79EFBC}") = "DataStructures_Dal", "..\DataStructures_Dal\DataStructures_Dal.csproj", "{41D348E8-1E39-4A75-8ADF-6CAD0CABAEA9}"
EndProject
Project("{FAE04EC0-301F-11D3-BF4B-00C04F79EFBC}") = "DataStructures_View", "..\DataStructures_View\DataStructures_View.csproj", "{9384A07A-7903-4D05-9C1B-7FA23C45E121}"
EndProject
Global
	GlobalSection(SolutionConfigurationPlatforms) = preSolution
		Debug|Any CPU = Debug|Any CPU
		Debug|ARM = Debug|ARM
		Debug|ARM64 = Debug|ARM64
		Debug|x64 = Debug|x64
		Debug|x86 = Debug|x86
		Release|Any CPU = Release|Any CPU
		Release|ARM = Release|ARM
		Release|ARM64 = Release|ARM64
		Release|x64 = Release|x64
		Release|x86 = Release|x86
	EndGlobalSection
	GlobalSection(ProjectConfigurationPlatforms) = postSolution
		{D5C826A7-3FC1-4076-AD43-FC3A844651BF}.Debug|Any CPU.ActiveCfg = Debug|Any CPU
		{D5C826A7-3FC1-4076-AD43-FC3A844651BF}.Debug|Any CPU.Build.0 = Debug|Any CPU
		{D5C826A7-3FC1-4076-AD43-FC3A844651BF}.Debug|ARM.ActiveCfg = Debug|Any CPU
		{D5C826A7-3FC1-4076-AD43-FC3A844651BF}.Debug|ARM.Build.0 = Debug|Any CPU
		{D5C826A7-3FC1-4076-AD43-FC3A844651BF}.Debug|ARM64.ActiveCfg = Debug|Any CPU
		{D5C826A7-3FC1-4076-AD43-FC3A844651BF}.Debug|ARM64.Build.0 = Debug|Any CPU
		{D5C826A7-3FC1-4076-AD43-FC3A844651BF}.Debug|x64.ActiveCfg = Debug|Any CPU
		{D5C826A7-3FC1-4076-AD43-FC3A844651BF}.Debug|x64.Build.0 = Debug|Any CPU
		{D5C826A7-3FC1-4076-AD43-FC3A844651BF}.Debug|x86.ActiveCfg = Debug|Any CPU
		{D5C826A7-3FC1-4076-AD43-FC3A844651BF}.Debug|x86.Build.0 = Debug|Any CPU
		{D5C826A7-3FC1-4076-AD43-FC3A844651BF}.Release|Any CPU.ActiveCfg = Release|Any CPU
		{D5C826A7-3FC1-4076-AD43-FC3A844651BF}.Release|Any CPU.Build.0 = Release|Any CPU
		{D5C826A7-3FC1-4076-AD43-FC3A844651BF}.Release|ARM.ActiveCfg = Release|Any CPU
		{D5C826A7-3FC1-4076-AD43-FC3A844651BF}.Release|ARM.Build.0 = Release|Any CPU
		{D5C826A7-3FC1-4076-AD43-FC3A844651BF}.Release|ARM64.ActiveCfg = Release|Any CPU
		{D5C826A7-3FC1-4076-AD43-FC3A844651BF}.Release|ARM64.Build.0 = Release|Any CPU
		{D5C826A7-3FC1-4076-AD43-FC3A844651BF}.Release|x64.ActiveCfg = Release|Any CPU
		{D5C826A7-3FC1-4076-AD43-FC3A844651BF}.Release|x64.Build.0 = Release|Any CPU
		{D5C826A7-3FC1-4076-AD43-FC3A844651BF}.Release|x86.ActiveCfg = Release|Any CPU
		{D5C826A7-3FC1-4076-AD43-FC3A844651BF}.Release|x86.Build.0 = Release|Any CPU
		{2EDA7D97-E4B2-43B0-84A2-1AE7C7EAB7FA}.Debug|Any CPU.ActiveCfg = Debug|Any CPU
		{2EDA7D97-E4B2-43B0-84A2-1AE7C7EAB7FA}.Debug|Any CPU.Build.0 = Debug|Any CPU
		{2EDA7D97-E4B2-43B0-84A2-1AE7C7EAB7FA}.Debug|ARM.ActiveCfg = Debug|Any CPU
		{2EDA7D97-E4B2-43B0-84A2-1AE7C7EAB7FA}.Debug|ARM.Build.0 = Debug|Any CPU
		{2EDA7D97-E4B2-43B0-84A2-1AE7C7EAB7FA}.Debug|ARM64.ActiveCfg = Debug|Any CPU
		{2EDA7D97-E4B2-43B0-84A2-1AE7C7EAB7FA}.Debug|ARM64.Build.0 = Debug|Any CPU
		{2EDA7D97-E4B2-43B0-84A2-1AE7C7EAB7FA}.Debug|x64.ActiveCfg = Debug|Any CPU
		{2EDA7D97-E4B2-43B0-84A2-1AE7C7EAB7FA}.Debug|x64.Build.0 = Debug|Any CPU
		{2EDA7D97-E4B2-43B0-84A2-1AE7C7EAB7FA}.Debug|x86.ActiveCfg = Debug|Any CPU
		{2EDA7D97-E4B2-43B0-84A2-1AE7C7EAB7FA}.Debug|x86.Build.0 = Debug|Any CPU
		{2EDA7D97-E4B2-43B0-84A2-1AE7C7EAB7FA}.Release|Any CPU.ActiveCfg = Release|Any CPU
		{2EDA7D97-E4B2-43B0-84A2-1AE7C7EAB7FA}.Release|Any CPU.Build.0 = Release|Any CPU
		{2EDA7D97-E4B2-43B0-84A2-1AE7C7EAB7FA}.Release|ARM.ActiveCfg = Release|Any CPU
		{2EDA7D97-E4B2-43B0-84A2-1AE7C7EAB7FA}.Release|ARM.Build.0 = Release|Any CPU
		{2EDA7D97-E4B2-43B0-84A2-1AE7C7EAB7FA}.Release|ARM64.ActiveCfg = Release|Any CPU
		{2EDA7D97-E4B2-43B0-84A2-1AE7C7EAB7FA}.Release|ARM64.Build.0 = Release|Any CPU
		{2EDA7D97-E4B2-43B0-84A2-1AE7C7EAB7FA}.Release|x64.ActiveCfg = Release|Any CPU
		{2EDA7D97-E4B2-43B0-84A2-1AE7C7EAB7FA}.Release|x64.Build.0 = Release|Any CPU
		{2EDA7D97-E4B2-43B0-84A2-1AE7C7EAB7FA}.Release|x86.ActiveCfg = Release|Any CPU
		{2EDA7D97-E4B2-43B0-84A2-1AE7C7EAB7FA}.Release|x86.Build.0 = Release|Any CPU
		{41D348E8-1E39-4A75-8ADF-6CAD0CABAEA9}.Debug|Any CPU.ActiveCfg = Debug|Any CPU
		{41D348E8-1E39-4A75-8ADF-6CAD0CABAEA9}.Debug|Any CPU.Build.0 = Debug|Any CPU
		{41D348E8-1E39-4A75-8ADF-6CAD0CABAEA9}.Debug|ARM.ActiveCfg = Debug|Any CPU
		{41D348E8-1E39-4A75-8ADF-6CAD0CABAEA9}.Debug|ARM.Build.0 = Debug|Any CPU
		{41D348E8-1E39-4A75-8ADF-6CAD0CABAEA9}.Debug|ARM64.ActiveCfg = Debug|Any CPU
		{41D348E8-1E39-4A75-8ADF-6CAD0CABAEA9}.Debug|ARM64.Build.0 = Debug|Any CPU
		{41D348E8-1E39-4A75-8ADF-6CAD0CABAEA9}.Debug|x64.ActiveCfg = Debug|Any CPU
		{41D348E8-1E39-4A75-8ADF-6CAD0CABAEA9}.Debug|x64.Build.0 = Debug|Any CPU
		{41D348E8-1E39-4A75-8ADF-6CAD0CABAEA9}.Debug|x86.ActiveCfg = Debug|Any CPU
		{41D348E8-1E39-4A75-8ADF-6CAD0CABAEA9}.Debug|x86.Build.0 = Debug|Any CPU
		{41D348E8-1E39-4A75-8ADF-6CAD0CABAEA9}.Release|Any CPU.ActiveCfg = Release|Any CPU
		{41D348E8-1E39-4A75-8ADF-6CAD0CABAEA9}.Release|Any CPU.Build.0 = Release|Any CPU
		{41D348E8-1E39-4A75-8ADF-6CAD0CABAEA9}.Release|ARM.ActiveCfg = Release|Any CPU
		{41D348E8-1E39-4A75-8ADF-6CAD0CABAEA9}.Release|ARM.Build.0 = Release|Any CPU
		{41D348E8-1E39-4A75-8ADF-6CAD0CABAEA9}.Release|ARM64.ActiveCfg = Release|Any CPU
		{41D348E8-1E39-4A75-8ADF-6CAD0CABAEA9}.Release|ARM64.Build.0 = Release|Any CPU
		{41D348E8-1E39-4A75-8ADF-6CAD0CABAEA9}.Release|x64.ActiveCfg = Release|Any CPU
		{41D348E8-1E39-4A75-8ADF-6CAD0CABAEA9}.Release|x64.Build.0 = Release|Any CPU
		{41D348E8-1E39-4A75-8ADF-6CAD0CABAEA9}.Release|x86.ActiveCfg = Release|Any CPU
		{41D348E8-1E39-4A75-8ADF-6CAD0CABAEA9}.Release|x86.Build.0 = Release|Any CPU
		{9384A07A-7903-4D05-9C1B-7FA23C45E121}.Debug|Any CPU.ActiveCfg = Debug|Any CPU
		{9384A07A-7903-4D05-9C1B-7FA23C45E121}.Debug|Any CPU.Build.0 = Debug|Any CPU
		{9384A07A-7903-4D05-9C1B-7FA23C45E121}.Debug|ARM.ActiveCfg = Debug|Any CPU
		{9384A07A-7903-4D05-9C1B-7FA23C45E121}.Debug|ARM.Build.0 = Debug|Any CPU
		{9384A07A-7903-4D05-9C1B-7FA23C45E121}.Debug|ARM64.ActiveCfg = Debug|Any CPU
		{9384A07A-7903-4D05-9C1B-7FA23C45E121}.Debug|ARM64.Build.0 = Debug|Any CPU
		{9384A07A-7903-4D05-9C1B-7FA23C45E121}.Debug|x64.ActiveCfg = Debug|Any CPU
		{9384A07A-7903-4D05-9C1B-7FA23C45E121}.Debug|x64.Build.0 = Debug|Any CPU
		{9384A07A-7903-4D05-9C1B-7FA23C45E121}.Debug|x86.ActiveCfg = Debug|Any CPU
		{9384A07A-7903-4D05-9C1B-7FA23C45E121}.Debug|x86.Build.0 = Debug|Any CPU
		{9384A07A-7903-4D05-9C1B-7FA23C45E121}.Release|Any CPU.ActiveCfg = Release|Any CPU
		{9384A07A-7903-4D05-9C1B-7FA23C45E121}.Release|Any CPU.Build.0 = Release|Any CPU
		{9384A07A-7903-4D05-9C1B-7FA23C45E121}.Release|ARM.ActiveCfg = Release|Any CPU
		{9384A07A-7903-4D05-9C1B-7FA23C45E121}.Release|ARM.Build.0 = Release|Any CPU
		{9384A07A-7903-4D05-9C1B-7FA23C45E121}.Release|ARM64.ActiveCfg = Release|Any CPU
		{9384A07A-7903-4D05-9C1B-7FA23C45E121}.Release|ARM64.Build.0 = Release|Any CPU
		{9384A07A-7903-4D05-9C1B-7FA23C45E121}.Release|x64.ActiveCfg = Release|Any CPU
		{9384A07A-7903-4D05-9C1B-7FA23C45E121}.Release|x64.Build.0 = Release|Any CPU
		{9384A07A-7903-4D05-9C1B-7FA23C45E121}.Release|x86.ActiveCfg = Release|Any CPU
		{9384A07A-7903-4D05-9C1B-7FA23C45E121}.Release|x86.Build.0 = Release|Any CPU
	EndGlobalSection
	GlobalSection(SolutionProperties) = preSolution
		HideSolutionNode = FALSE
	EndGlobalSection
	GlobalSection(ExtensibilityGlobals) = postSolution
		SolutionGuid = {B81F1140-7F09-445B-B3D0-4F405CCFA3EC}
	EndGlobalSection
EndGlobal
